
Microsoft Visual Studio Solution File, Format Version 12.00
# Visual Studio Version 16
VisualStudioVersion = 25.0.1705.6
MinimumVisualStudioVersion = 10.0.40219.1
Project("{FAE04EC0-301F-11D3-BF4B-00C04F79EFBC}") = "AVATrade.EntryPoint", "AVATrade.EntryPoint\AVATrade.EntryPoint.csproj", "{B039EC77-1708-4A60-B457-A80BB869D58F}"
EndProject
Project("{FAE04EC0-301F-11D3-BF4B-00C04F79EFBC}") = "AVATrade.Infrastructure", "AVATrade.Infrastructure\AVATrade.Infrastructure.csproj", "{86BEE420-0585-42DC-B60B-15AB3B92A806}"
EndProject
Project("{FAE04EC0-301F-11D3-BF4B-00C04F79EFBC}") = "AVATrade.API", "AVATrade.API\AVATrade.API.csproj", "{D5705099-50D8-4A4C-BA57-0657905D0079}"
EndProject
Project("{FAE04EC0-301F-11D3-BF4B-00C04F79EFBC}") = "AVATrade.Application", "AVATrade.Application\AVATrade.Application.csproj", "{F4A1E4AD-3B9A-479C-85AD-8A115C12F1E1}"
EndProject
Project("{FAE04EC0-301F-11D3-BF4B-00C04F79EFBC}") = "AVATrade.Common", "AVATrade.Common\AVATrade.Common.csproj", "{FB386622-1FD1-4BE5-905C-3ACD8468C3B8}"
EndProject
Project("{FAE04EC0-301F-11D3-BF4B-00C04F79EFBC}") = "AVATrade.Domain", "AVATrade.Domain\AVATrade.Domain.csproj", "{9E442DA0-4756-4D8F-81AC-373837F0E64C}"
EndProject
Global
	GlobalSection(SolutionConfigurationPlatforms) = preSolution
		Debug|Any CPU = Debug|Any CPU
		Release|Any CPU = Release|Any CPU
	EndGlobalSection
	GlobalSection(ProjectConfigurationPlatforms) = postSolution
		{B039EC77-1708-4A60-B457-A80BB869D58F}.Debug|Any CPU.ActiveCfg = Debug|Any CPU
		{B039EC77-1708-4A60-B457-A80BB869D58F}.Debug|Any CPU.Build.0 = Debug|Any CPU
		{B039EC77-1708-4A60-B457-A80BB869D58F}.Release|Any CPU.ActiveCfg = Release|Any CPU
		{B039EC77-1708-4A60-B457-A80BB869D58F}.Release|Any CPU.Build.0 = Release|Any CPU
		{86BEE420-0585-42DC-B60B-15AB3B92A806}.Debug|Any CPU.ActiveCfg = Debug|Any CPU
		{86BEE420-0585-42DC-B60B-15AB3B92A806}.Debug|Any CPU.Build.0 = Debug|Any CPU
		{86BEE420-0585-42DC-B60B-15AB3B92A806}.Release|Any CPU.ActiveCfg = Release|Any CPU
		{86BEE420-0585-42DC-B60B-15AB3B92A806}.Release|Any CPU.Build.0 = Release|Any CPU
		{D5705099-50D8-4A4C-BA57-0657905D0079}.Debug|Any CPU.ActiveCfg = Debug|Any CPU
		{D5705099-50D8-4A4C-BA57-0657905D0079}.Debug|Any CPU.Build.0 = Debug|Any CPU
		{D5705099-50D8-4A4C-BA57-0657905D0079}.Release|Any CPU.ActiveCfg = Release|Any CPU
		{D5705099-50D8-4A4C-BA57-0657905D0079}.Release|Any CPU.Build.0 = Release|Any CPU
		{F4A1E4AD-3B9A-479C-85AD-8A115C12F1E1}.Debug|Any CPU.ActiveCfg = Debug|Any CPU
		{F4A1E4AD-3B9A-479C-85AD-8A115C12F1E1}.Debug|Any CPU.Build.0 = Debug|Any CPU
		{F4A1E4AD-3B9A-479C-85AD-8A115C12F1E1}.Release|Any CPU.ActiveCfg = Release|Any CPU
		{F4A1E4AD-3B9A-479C-85AD-8A115C12F1E1}.Release|Any CPU.Build.0 = Release|Any CPU
		{FB386622-1FD1-4BE5-905C-3ACD8468C3B8}.Debug|Any CPU.ActiveCfg = Debug|Any CPU
		{FB386622-1FD1-4BE5-905C-3ACD8468C3B8}.Debug|Any CPU.Build.0 = Debug|Any CPU
		{FB386622-1FD1-4BE5-905C-3ACD8468C3B8}.Release|Any CPU.ActiveCfg = Release|Any CPU
		{FB386622-1FD1-4BE5-905C-3ACD8468C3B8}.Release|Any CPU.Build.0 = Release|Any CPU
		{9E442DA0-4756-4D8F-81AC-373837F0E64C}.Debug|Any CPU.ActiveCfg = Debug|Any CPU
		{9E442DA0-4756-4D8F-81AC-373837F0E64C}.Debug|Any CPU.Build.0 = Debug|Any CPU
		{9E442DA0-4756-4D8F-81AC-373837F0E64C}.Release|Any CPU.ActiveCfg = Release|Any CPU
		{9E442DA0-4756-4D8F-81AC-373837F0E64C}.Release|Any CPU.Build.0 = Release|Any CPU
	EndGlobalSection
	GlobalSection(SolutionProperties) = preSolution
		HideSolutionNode = FALSE
	EndGlobalSection
	GlobalSection(ExtensibilityGlobals) = postSolution
		SolutionGuid = {E9766789-EBFC-434B-AADA-C4A063B156D0}
	EndGlobalSection
EndGlobal
